
Microsoft Visual Studio Solution File, Format Version 12.00
# Visual Studio Version 16
VisualStudioVersion = 16.0.28922.388
MinimumVisualStudioVersion = 10.0.40219.1
Project("{FAE04EC0-301F-11D3-BF4B-00C04F79EFBC}") = "PikselWeb", "PikselWeb.csproj", "{F545F9A0-527A-44B9-B4F7-0E8A83965CD0}"
EndProject
Global
	GlobalSection(SolutionConfigurationPlatforms) = preSolution
		Debug|Any CPU = Debug|Any CPU
		Release|Any CPU = Release|Any CPU
	EndGlobalSection
	GlobalSection(ProjectConfigurationPlatforms) = postSolution
		{F545F9A0-527A-44B9-B4F7-0E8A83965CD0}.Debug|Any CPU.ActiveCfg = Debug|Any CPU
		{F545F9A0-527A-44B9-B4F7-0E8A83965CD0}.Debug|Any CPU.Build.0 = Debug|Any CPU
		{F545F9A0-527A-44B9-B4F7-0E8A83965CD0}.Release|Any CPU.ActiveCfg = Release|Any CPU
		{F545F9A0-527A-44B9-B4F7-0E8A83965CD0}.Release|Any CPU.Build.0 = Release|Any CPU
	EndGlobalSection
	GlobalSection(SolutionProperties) = preSolution
		HideSolutionNode = FALSE
	EndGlobalSection
	GlobalSection(ExtensibilityGlobals) = postSolution
		SolutionGuid = {0CB55716-8F17-4A9B-9105-44278DE0485B}
	EndGlobalSection
EndGlobal
